Microsoft Visual Studio Solution File, Format Version 12.00
# Visual Studio Version 17
VisualStudioVersion = 17.5.2.0
MinimumVisualStudioVersion = 10.0.40219.1
Project("{FAE04EC0-301F-11D3-BF4B-00C04F79EFBC}") = "CineG9API", "CineG9API\CineG9API.csproj", "{7C78DC3E-FD31-E732-A838-5CF09931A8D8}"
EndProject
Global
	GlobalSection(SolutionConfigurationPlatforms) = preSolution
		Debug|Any CPU = Debug|Any CPU
		Release|Any CPU = Release|Any CPU
	EndGlobalSection
	GlobalSection(ProjectConfigurationPlatforms) = postSolution
		{7C78DC3E-FD31-E732-A838-5CF09931A8D8}.Debug|Any CPU.ActiveCfg = Debug|Any CPU
		{7C78DC3E-FD31-E732-A838-5CF09931A8D8}.Debug|Any CPU.Build.0 = Debug|Any CPU
		{7C78DC3E-FD31-E732-A838-5CF09931A8D8}.Release|Any CPU.ActiveCfg = Release|Any CPU
		{7C78DC3E-FD31-E732-A838-5CF09931A8D8}.Release|Any CPU.Build.0 = Release|Any CPU
	EndGlobalSection
	GlobalSection(SolutionProperties) = preSolution
		HideSolutionNode = FALSE
	EndGlobalSection
	GlobalSection(ExtensibilityGlobals) = postSolution
		SolutionGuid = {EDA26C9D-3167-49B6-A061-0D95FA67A571}
	EndGlobalSection
EndGlobal
